
Microsoft Visual Studio Solution File, Format Version 12.00
# Visual Studio Version 17
VisualStudioVersion = 17.13.35931.197 d17.13
MinimumVisualStudioVersion = 10.0.40219.1
Project("{FAE04EC0-301F-11D3-BF4B-00C04F79EFBC}") = "Cooking bot", "Cooking bot\Cooking bot.csproj", "{5297C4FC-A625-4394-96DE-18DF24071F7C}"
EndProject
Global
	GlobalSection(SolutionConfigurationPlatforms) = preSolution
		Debug|Any CPU = Debug|Any CPU
		Release|Any CPU = Release|Any CPU
	EndGlobalSection
	GlobalSection(ProjectConfigurationPlatforms) = postSolution
		{5297C4FC-A625-4394-96DE-18DF24071F7C}.Debug|Any CPU.ActiveCfg = Debug|Any CPU
		{5297C4FC-A625-4394-96DE-18DF24071F7C}.Debug|Any CPU.Build.0 = Debug|Any CPU
		{5297C4FC-A625-4394-96DE-18DF24071F7C}.Release|Any CPU.ActiveCfg = Release|Any CPU
		{5297C4FC-A625-4394-96DE-18DF24071F7C}.Release|Any CPU.Build.0 = Release|Any CPU
	EndGlobalSection
	GlobalSection(SolutionProperties) = preSolution
		HideSolutionNode = FALSE
	EndGlobalSection
	GlobalSection(ExtensibilityGlobals) = postSolution
		SolutionGuid = {47770C66-FAD5-41F2-800E-F4E9B7B9CE15}
	EndGlobalSection
EndGlobal
